{
  "name": "Admin_Auraa",
  "lockfileVersion": 3,
  "requires": true,
  "packages": {
    "": {
      "dependencies": {
        "update-electron-app": "^3.1.1"
      }
    },
    "node_modules/github-url-to-object": {
      "version": "4.0.6",
      "resolved": "https://registry.npmjs.org/github-url-to-object/-/github-url-to-object-4.0.6.tgz",
      "integrity": "sha512-NaqbYHMUAlPcmWFdrAB7bcxrNIiiJWJe8s/2+iOc9vlcHlwHqSGrPk+Yi3nu6ebTwgsZEa7igz+NH2vEq3gYwQ==",
      "license": "MIT",
      "dependencies": {
        "is-url": "^1.1.0"
      }
    },
    "node_modules/is-url": {
      "version": "1.2.4",
      "resolved": "https://registry.npmjs.org/is-url/-/is-url-1.2.4.tgz",
      "integrity": "sha512-ITvGim8FhRiYe4IQ5uHSkj7pVaPDrCTkNd3yq3cV7iZAcJdHTUMPMEHcqSOy9xZ9qFenQCvi+2wjH9a1nXqHww==",
      "license": "MIT"
    },
    "node_modules/ms": {
      "version": "2.1.3",
      "resolved": "https://registry.npmjs.org/ms/-/ms-2.1.3.tgz",
      "integrity": "sha512-6FlzubTLZG3J2a/NVCAleEhjzq5oxgHyaCU9yYXvcLsvoVaHJq/s5xXI6/XXP6tz7R9xAOtHnSO/tXtF3WRTlA==",
      "license": "MIT"
    },
    "node_modules/update-electron-app": {
      "version": "3.1.1",
      "resolved": "https://registry.npmjs.org/update-electron-app/-/update-electron-app-3.1.1.tgz",
      "integrity": "sha512-7duRr6sYn014tifhKgT/5i8N+6xLzmJVJ8hVtNrHXlIDNP6QbRe6VxZ1hSi2UH5oJPzhor/PH7yKU9em5xjRzQ==",
      "license": "MIT",
      "dependencies": {
        "github-url-to-object": "^4.0.4",
        "ms": "^2.1.1"
      }
    }
  }
}
